
Microsoft Visual Studio Solution File, Format Version 12.00
Project("{FAE04EC0-301F-11D3-BF4B-00C04F79EFBC}") = "VeeR", "VeeR\VeeR.csproj", "{2402C3A9-4F31-48FE-9B42-72878E538366}"
EndProject
Global
	GlobalSection(SolutionConfigurationPlatforms) = preSolution
		Debug|Any CPU = Debug|Any CPU
		Release|Any CPU = Release|Any CPU
	EndGlobalSection
	GlobalSection(ProjectConfigurationPlatforms) = postSolution
		{2402C3A9-4F31-48FE-9B42-72878E538366}.Debug|Any CPU.ActiveCfg = Debug|Any CPU
		{2402C3A9-4F31-48FE-9B42-72878E538366}.Debug|Any CPU.Build.0 = Debug|Any CPU
		{2402C3A9-4F31-48FE-9B42-72878E538366}.Release|Any CPU.ActiveCfg = Release|Any CPU
		{2402C3A9-4F31-48FE-9B42-72878E538366}.Release|Any CPU.Build.0 = Release|Any CPU
	EndGlobalSection
EndGlobal
